
Microsoft Visual Studio Solution File, Format Version 12.00
# Visual Studio 15
VisualStudioVersion = 15.0.27428.2015
MinimumVisualStudioVersion = 10.0.40219.1
Project("{E24C65DC-7377-472B-9ABA-BC803B73C61A}") = "WatchWebsite", "WatchWebsite\", "{F5D1821F-F93F-4129-A5BE-C7CCDBB5D544}"
	ProjectSection(WebsiteProperties) = preProject
		TargetFrameworkMoniker = ".NETFramework,Version%3Dv4.6.1"
		Debug.AspNetCompiler.VirtualPath = "/localhost_56620"
		Debug.AspNetCompiler.PhysicalPath = "WatchWebsite\"
		Debug.AspNetCompiler.TargetPath = "PrecompiledWeb\localhost_56620\"
		Debug.AspNetCompiler.Updateable = "true"
		Debug.AspNetCompiler.ForceOverwrite = "true"
		Debug.AspNetCompiler.FixedNames = "false"
		Debug.AspNetCompiler.Debug = "True"
		Release.AspNetCompiler.VirtualPath = "/localhost_56620"
		Release.AspNetCompiler.PhysicalPath = "WatchWebsite\"
		Release.AspNetCompiler.TargetPath = "PrecompiledWeb\localhost_56620\"
		Release.AspNetCompiler.Updateable = "true"
		Release.AspNetCompiler.ForceOverwrite = "true"
		Release.AspNetCompiler.FixedNames = "false"
		Release.AspNetCompiler.Debug = "False"
		VWDPort = "56620"
		SlnRelativePath = "WatchWebsite\"
		DefaultWebSiteLanguage = "Visual C#"
	EndProjectSection
EndProject
Global
	GlobalSection(SolutionConfigurationPlatforms) = preSolution
		Debug|Any CPU = Debug|Any CPU
		Release|Any CPU = Release|Any CPU
	EndGlobalSection
	GlobalSection(ProjectConfigurationPlatforms) = postSolution
		{F5D1821F-F93F-4129-A5BE-C7CCDBB5D544}.Debug|Any CPU.ActiveCfg = Debug|Any CPU
		{F5D1821F-F93F-4129-A5BE-C7CCDBB5D544}.Debug|Any CPU.Build.0 = Debug|Any CPU
		{F5D1821F-F93F-4129-A5BE-C7CCDBB5D544}.Release|Any CPU.ActiveCfg = Debug|Any CPU
		{F5D1821F-F93F-4129-A5BE-C7CCDBB5D544}.Release|Any CPU.Build.0 = Debug|Any CPU
	EndGlobalSection
	GlobalSection(SolutionProperties) = preSolution
		HideSolutionNode = FALSE
	EndGlobalSection
	GlobalSection(ExtensibilityGlobals) = postSolution
		SolutionGuid = {C1D5EDA4-8C11-4D15-8416-AD036F06830C}
	EndGlobalSection
EndGlobal
