
Microsoft Visual Studio Solution File, Format Version 12.00
# Visual Studio 15
VisualStudioVersion = 15.0.27428.2015
MinimumVisualStudioVersion = 10.0.40219.1
Project("{FAE04EC0-301F-11D3-BF4B-00C04F79EFBC}") = "BOL", "BOL.csproj", "{8000C211-DAD1-4AAE-9E0C-3C05D64B1958}"
EndProject
Project("{FAE04EC0-301F-11D3-BF4B-00C04F79EFBC}") = "DAL", "..\DAL\DAL.csproj", "{7491519E-70AF-4AC3-B740-54DE97E77DAB}"
EndProject
Project("{FAE04EC0-301F-11D3-BF4B-00C04F79EFBC}") = "BLL", "BLL\BLL.csproj", "{2642FF62-61FB-4DC5-ABB5-E08FC92F7A94}"
EndProject
Project("{E24C65DC-7377-472B-9ABA-BC803B73C61A}") = "UI", "..\UI\UI\", "{D25F0F47-FE4A-4A00-B0A2-82F81330352D}"
	ProjectSection(WebsiteProperties) = preProject
		TargetFrameworkMoniker = ".NETFramework,Version%3Dv4.6.1"
		Debug.AspNetCompiler.VirtualPath = "/localhost_58200"
		Debug.AspNetCompiler.PhysicalPath = "..\UI\UI\"
		Debug.AspNetCompiler.TargetPath = "PrecompiledWeb\localhost_58200\"
		Debug.AspNetCompiler.Updateable = "true"
		Debug.AspNetCompiler.ForceOverwrite = "true"
		Debug.AspNetCompiler.FixedNames = "false"
		Debug.AspNetCompiler.Debug = "True"
		Release.AspNetCompiler.VirtualPath = "/localhost_58200"
		Release.AspNetCompiler.PhysicalPath = "..\UI\UI\"
		Release.AspNetCompiler.TargetPath = "PrecompiledWeb\localhost_58200\"
		Release.AspNetCompiler.Updateable = "true"
		Release.AspNetCompiler.ForceOverwrite = "true"
		Release.AspNetCompiler.FixedNames = "false"
		Release.AspNetCompiler.Debug = "False"
		VWDPort = "58200"
		DefaultWebSiteLanguage = "Visual C#"
	EndProjectSection
EndProject
Global
	GlobalSection(SolutionConfigurationPlatforms) = preSolution
		Debug|Any CPU = Debug|Any CPU
		Release|Any CPU = Release|Any CPU
	EndGlobalSection
	GlobalSection(ProjectConfigurationPlatforms) = postSolution
		{8000C211-DAD1-4AAE-9E0C-3C05D64B1958}.Debug|Any CPU.ActiveCfg = Debug|Any CPU
		{8000C211-DAD1-4AAE-9E0C-3C05D64B1958}.Debug|Any CPU.Build.0 = Debug|Any CPU
		{8000C211-DAD1-4AAE-9E0C-3C05D64B1958}.Release|Any CPU.ActiveCfg = Release|Any CPU
		{8000C211-DAD1-4AAE-9E0C-3C05D64B1958}.Release|Any CPU.Build.0 = Release|Any CPU
		{7491519E-70AF-4AC3-B740-54DE97E77DAB}.Debug|Any CPU.ActiveCfg = Debug|Any CPU
		{7491519E-70AF-4AC3-B740-54DE97E77DAB}.Debug|Any CPU.Build.0 = Debug|Any CPU
		{7491519E-70AF-4AC3-B740-54DE97E77DAB}.Release|Any CPU.ActiveCfg = Release|Any CPU
		{7491519E-70AF-4AC3-B740-54DE97E77DAB}.Release|Any CPU.Build.0 = Release|Any CPU
		{2642FF62-61FB-4DC5-ABB5-E08FC92F7A94}.Debug|Any CPU.ActiveCfg = Debug|Any CPU
		{2642FF62-61FB-4DC5-ABB5-E08FC92F7A94}.Debug|Any CPU.Build.0 = Debug|Any CPU
		{2642FF62-61FB-4DC5-ABB5-E08FC92F7A94}.Release|Any CPU.ActiveCfg = Release|Any CPU
		{2642FF62-61FB-4DC5-ABB5-E08FC92F7A94}.Release|Any CPU.Build.0 = Release|Any CPU
		{D25F0F47-FE4A-4A00-B0A2-82F81330352D}.Debug|Any CPU.ActiveCfg = Debug|Any CPU
		{D25F0F47-FE4A-4A00-B0A2-82F81330352D}.Debug|Any CPU.Build.0 = Debug|Any CPU
		{D25F0F47-FE4A-4A00-B0A2-82F81330352D}.Release|Any CPU.ActiveCfg = Debug|Any CPU
		{D25F0F47-FE4A-4A00-B0A2-82F81330352D}.Release|Any CPU.Build.0 = Debug|Any CPU
	EndGlobalSection
	GlobalSection(SolutionProperties) = preSolution
		HideSolutionNode = FALSE
	EndGlobalSection
	GlobalSection(ExtensibilityGlobals) = postSolution
		SolutionGuid = {82A785C1-B748-4DE8-90D3-9A71DA8CA448}
	EndGlobalSection
EndGlobal
